
Microsoft Visual Studio Solution File, Format Version 12.00
# Visual Studio 15
VisualStudioVersion = 15.0.26730.16
MinimumVisualStudioVersion = 10.0.40219.1
Project("{FAE04EC0-301F-11D3-BF4B-00C04F79EFBC}") = "Continental App", "Continental App\Continental App.csproj", "{C7CDD7B5-EB85-439C-984F-7820F5FB48A8}"
EndProject
Global
	GlobalSection(SolutionConfigurationPlatforms) = preSolution
		Debug|Any CPU = Debug|Any CPU
		Release|Any CPU = Release|Any CPU
	EndGlobalSection
	GlobalSection(ProjectConfigurationPlatforms) = postSolution
		{C7CDD7B5-EB85-439C-984F-7820F5FB48A8}.Debug|Any CPU.ActiveCfg = Debug|Any CPU
		{C7CDD7B5-EB85-439C-984F-7820F5FB48A8}.Debug|Any CPU.Build.0 = Debug|Any CPU
		{C7CDD7B5-EB85-439C-984F-7820F5FB48A8}.Release|Any CPU.ActiveCfg = Release|Any CPU
		{C7CDD7B5-EB85-439C-984F-7820F5FB48A8}.Release|Any CPU.Build.0 = Release|Any CPU
	EndGlobalSection
	GlobalSection(SolutionProperties) = preSolution
		HideSolutionNode = FALSE
	EndGlobalSection
	GlobalSection(ExtensibilityGlobals) = postSolution
		SolutionGuid = {E5ED7071-F6D0-41D9-A85F-39493C0814C3}
	EndGlobalSection
EndGlobal
